
Microsoft Visual Studio Solution File, Format Version 12.00
# Visual Studio 15
VisualStudioVersion = 15.0.28307.572
MinimumVisualStudioVersion = 10.0.40219.1
Project("{FAE04EC0-301F-11D3-BF4B-00C04F79EFBC}") = "KalyansAuto", "KalyansAuto\KalyansAuto.csproj", "{A67750F5-D058-4839-A93B-FD9A2B96DE77}"
EndProject
Global
	GlobalSection(SolutionConfigurationPlatforms) = preSolution
		Debug|Any CPU = Debug|Any CPU
		Release|Any CPU = Release|Any CPU
	EndGlobalSection
	GlobalSection(ProjectConfigurationPlatforms) = postSolution
		{A67750F5-D058-4839-A93B-FD9A2B96DE77}.Debug|Any CPU.ActiveCfg = Debug|Any CPU
		{A67750F5-D058-4839-A93B-FD9A2B96DE77}.Debug|Any CPU.Build.0 = Debug|Any CPU
		{A67750F5-D058-4839-A93B-FD9A2B96DE77}.Release|Any CPU.ActiveCfg = Release|Any CPU
		{A67750F5-D058-4839-A93B-FD9A2B96DE77}.Release|Any CPU.Build.0 = Release|Any CPU
	EndGlobalSection
	GlobalSection(SolutionProperties) = preSolution
		HideSolutionNode = FALSE
	EndGlobalSection
	GlobalSection(ExtensibilityGlobals) = postSolution
		SolutionGuid = {E9809532-9270-4FD9-948A-08D71E7A975D}
	EndGlobalSection
EndGlobal
